
Microsoft Visual Studio Solution File, Format Version 12.00
# Visual Studio 2012
Project("{FAE04EC0-301F-11D3-BF4B-00C04F79EFBC}") = "ApiMeta.Todos.Api", "ApiMeta.Todos\ApiMeta.Todos.Api.csproj", "{43A36F52-1D1A-4CAB-A3AA-9A23FABB0607}"
EndProject
Project("{FAE04EC0-301F-11D3-BF4B-00C04F79EFBC}") = "ApiMeta.Common", "ApiMeta.Common\ApiMeta.Common.csproj", "{858CA3C6-DFBC-4BDF-A948-F4371CA457AC}"
EndProject
Project("{FAE04EC0-301F-11D3-BF4B-00C04F79EFBC}") = "ApiMeta.Docs", "ApiMeta.Docs\ApiMeta.Docs.csproj", "{B688C065-0161-4C00-9A68-8899F33E49A2}"
EndProject
Global
	GlobalSection(SolutionConfigurationPlatforms) = preSolution
		Debug|Any CPU = Debug|Any CPU
		Release|Any CPU = Release|Any CPU
	EndGlobalSection
	GlobalSection(ProjectConfigurationPlatforms) = postSolution
		{43A36F52-1D1A-4CAB-A3AA-9A23FABB0607}.Debug|Any CPU.ActiveCfg = Debug|Any CPU
		{43A36F52-1D1A-4CAB-A3AA-9A23FABB0607}.Debug|Any CPU.Build.0 = Debug|Any CPU
		{43A36F52-1D1A-4CAB-A3AA-9A23FABB0607}.Release|Any CPU.ActiveCfg = Release|Any CPU
		{43A36F52-1D1A-4CAB-A3AA-9A23FABB0607}.Release|Any CPU.Build.0 = Release|Any CPU
		{858CA3C6-DFBC-4BDF-A948-F4371CA457AC}.Debug|Any CPU.ActiveCfg = Debug|Any CPU
		{858CA3C6-DFBC-4BDF-A948-F4371CA457AC}.Debug|Any CPU.Build.0 = Debug|Any CPU
		{858CA3C6-DFBC-4BDF-A948-F4371CA457AC}.Release|Any CPU.ActiveCfg = Release|Any CPU
		{858CA3C6-DFBC-4BDF-A948-F4371CA457AC}.Release|Any CPU.Build.0 = Release|Any CPU
		{B688C065-0161-4C00-9A68-8899F33E49A2}.Debug|Any CPU.ActiveCfg = Debug|Any CPU
		{B688C065-0161-4C00-9A68-8899F33E49A2}.Debug|Any CPU.Build.0 = Debug|Any CPU
		{B688C065-0161-4C00-9A68-8899F33E49A2}.Release|Any CPU.ActiveCfg = Release|Any CPU
		{B688C065-0161-4C00-9A68-8899F33E49A2}.Release|Any CPU.Build.0 = Release|Any CPU
	EndGlobalSection
	GlobalSection(SolutionProperties) = preSolution
		HideSolutionNode = FALSE
	EndGlobalSection
EndGlobal
